version: 2.0
shards:
  admiral:
    git: https://github.com/jwaldrip/admiral.cr.git
    version: 1.12.1

  connect-proxy:
    git: https://github.com/spider-gazelle/connect-proxy.git
    version: 2.0.2

  git-repository:
    git: https://github.com/place-labs/git-repository.git
    version: 1.4.1

  winmd:
    git: https://github.com/mjblack/winmd.git
    version: 1.0.0-rc1+git.commit.e5f4e54ec7d0f2be25792442e9b392e8787c240c

